// !$*UTF8*$!
{
	archiveVersion = 1;
	classes = {
	};
	objectVersion = 46;
	objects = {

/* Begin PBXBuildFile section */
		5C280AB81E19F88800D8132B /* AppDelegate.swift in Sources */ = {isa = PBXBuildFile; fileRef = 5C280AB71E19F88800D8132B /* AppDelegate.swift */; };
		5C280ABA1E19F88800D8132B /* ViewController.swift in Sources */ = {isa = PBXBuildFile; fileRef = 5C280AB91E19F88800D8132B /* ViewController.swift */; };
		5C280ABD1E19F88800D8132B /* Main.storyboard in Resources */ = {isa = PBXBuildFile; fileRef = 5C280ABB1E19F88800D8132B /* Main.storyboard */; };
		5C280ABF1E19F88800D8132B /* Assets.xcassets in Resources */ = {isa = PBXBuildFile; fileRef = 5C280ABE1E19F88800D8132B /* Assets.xcassets */; };
		5C280AC21E19F88800D8132B /* LaunchScreen.storyboard in Resources */ = {isa = PBXBuildFile; fileRef = 5C280AC01E19F88800D8132B /* LaunchScreen.storyboard */; };
/* End PBXBuildFile section */

/* Begin PBXFileReference section */
		5C280AB41E19F88800D8132B /* VVDragerDemo.app */ = {isa = PBXFileReference; explicitFileType = wrapper.application; includeInIndex = 0; path = VVDragerDemo.app; sourceTree = BUILT_PRODUCTS_DIR; };
		5C280AB71E19F88800D8132B /* AppDelegate.swift */ = {isa = PBXFileReference; lastKnownFileType = sourcecode.swift; path = AppDelegate.swift; sourceTree = "<group>"; };
		5C280AB91E19F88800D8132B /* ViewController.swift */ = {isa = PBXFileReference; lastKnownFileType = sourcecode.swift; path = ViewController.swift; sourceTree = "<group>"; };
		5C280ABC1E19F88800D8132B /* Base */ = {isa = PBXFileReference; lastKnownFileType = file.storyboard; name = Base; path = Base.lproj/Main.storyboard; sourceTree = "<group>"; };
		5C280ABE1E19F88800D8132B /* Assets.xcassets */ = {isa = PBXFileReference; lastKnownFileType = folder.assetcatalog; path = Assets.xcassets; sourceTree = "<group>"; };
		5C280AC11E19F88800D8132B /* Base */ = {isa = PBXFileReference; lastKnownFileType = file.storyboard; name = Base; path = Base.lproj/LaunchScreen.storyboard; sourceTree = "<group>"; };
		5C280AC31E19F88800D8132B /* Info.plist */ = {isa = PBXFileReference; lastKnownFileType = text.plist.xml; path = Info.plist; sourceTree = "<group>"; };
/* End PBXFileReference section */

/* Begin PBXFrameworksBuildPhase section */
		5C280AB11E19F88800D8132B /* Frameworks */ = {
			isa = PBXFrameworksBuildPhase;
			buildActionMask = 2147483647;
			files = (
			);
			runOnlyForDeploymentPostprocessing = 0;
		};
/* End PBXFrameworksBuildPhase section */

/* Begin PBXGroup section */
		5C280AAB1E19F88800D8132B = {
			isa = PBXGroup;
			children = (
				5C280AB61E19F88800D8132B /* VVDragerDemo */,
				5C280AB51E19F88800D8132B /* Products */,
			);
			sourceTree = "<group>";
		};
		5C280AB51E19F88800D8132B /* Products */ = {
			isa = PBXGroup;
			children = (
				5C280AB41E19F88800D8132B /* VVDragerDemo.app */,
			);
			name = Products;
			sourceTree = "<group>";
		};
		5C280AB61E19F88800D8132B /* VVDragerDemo */ = {
			isa = PBXGroup;
			children = (
				5C280AB71E19F88800D8132B /* AppDelegate.swift */,
				5C280AB91E19F88800D8132B /* ViewController.swift */,
				5C280ABB1E19F88800D8132B /* Main.storyboard */,
				5C280ABE1E19F88800D8132B /* Assets.xcassets */,
				5C280AC01E19F88800D8132B /* LaunchScreen.storyboard */,
				5C280AC31E19F88800D8132B /* Info.plist */,
			);
			path = VVDragerDemo;
			sourceTree = "<group>";
		};
/* End PBXGroup section */

/* Begin PBXNativeTarget section */
		5C280AB31E19F88800D8132B /* VVDragerDemo */ = {
			isa = PBXNativeTarget;
			buildConfigurationList = 5C280AC61E19F88800D8132B /* Build configuration list for PBXNativeTarget "VVDragerDemo" */;
			buildPhases = (
				5C280AB01E19F88800D8132B /* Sources */,
				5C280AB11E19F88800D8132B /* Frameworks */,
				5C280AB21E19F88800D8132B /* Resources */,
			);
			buildRules = (
			);
			dependencies = (
			);
			name = VVDragerDemo;
			productName = VVDragerDemo;
			productReference = 5C280AB41E19F88800D8132B /* VVDragerDemo.app */;
			productType = "com.apple.product-type.application";
		};
/* End PBXNativeTarget section */

/* Begin PBXProject section */
		5C280AAC1E19F88800D8132B /* Project object */ = {
			isa = PBXProject;
			attributes = {
				LastSwiftUpdateCheck = 0820;
				LastUpgradeCheck = 0820;
				ORGANIZATIONNAME = atom;
				TargetAttributes = {
					5C280AB31E19F88800D8132B = {
						CreatedOnToolsVersion = 8.2.1;
						DevelopmentTeam = JE8CSGTB5D;
						ProvisioningStyle = Automatic;
					};
				};
			};
			buildConfigurationList = 5C280AAF1E19F88800D8132B /* Build configuration list for PBXProject "VVDragerDemo" */;
			compatibilityVersion = "Xcode 3.2";
			developmentRegion = English;
			hasScannedForEncodings = 0;
			knownRegions = (
				en,
				Base,
			);
			mainGroup = 5C280AAB1E19F88800D8132B;
			productRefGroup = 5C280AB51E19F88800D8132B /* Products */;
			projectDirPath = "";
			projectRoot = "";
			targets = (
				5C280AB31E19F88800D8132B /* VVDragerDemo */,
			);
		};
/* End PBXProject section */

/* Begin PBXResourcesBuildPhase section */
		5C280AB21E19F88800D8132B /* Resources */ = {
			isa = PBXResourcesBuildPhase;
			buildActionMask = 2147483647;
			files = (
				5C280AC21E19F88800D8132B /* LaunchScreen.storyboard in Resources */,
				5C280ABF1E19F88800D8132B /* Assets.xcassets in Resources */,
				5C280ABD1E19F88800D8132B /* Main.storyboard in Resources */,
			);
			runOnlyForDeploymentPostprocessing = 0;
		};
/* End PBXResourcesBuildPhase section */

/* Begin PBXSourcesBuildPhase section */
		5C280AB01E19F88800D8132B /* Sources */ = {
			isa = PBXSourcesBuildPhase;
			buildActionMask = 2147483647;
			files = (
				5C280ABA1E19F88800D8132B /* ViewController.swift in Sources */,
				5C280AB81E19F88800D8132B /* AppDelegate.swift in Sources */,
			);
			runOnlyForDeploymentPostprocessing = 0;
		};
/* End PBXSourcesBuildPhase section */

/* Begin PBXVariantGroup section */
		5C280ABB1E19F88800D8132B /* Main.storyboard */ = {
			isa = PBXVariantGroup;
			children = (
				5C280ABC1E19F88800D8132B /* Base */,
			);
			name = Main.storyboard;
			sourceTree = "<group>";
		};
		5C280AC01E19F88800D8132B /* LaunchScreen.storyboard */ = {
			isa = PBXVariantGroup;
			children = (
				5C280AC11E19F88800D8132B /* Base */,
			);
			name = LaunchScreen.storyboard;
			sourceTree = "<group>";
		};
/* End PBXVariantGroup section */

/* Begin XCBuildConfiguration section */
		5C280AC41E19F88800D8132B /* Debug */ = {
			isa = XCBuildConfiguration;
			buildSettings = {
				ALWAYS_SEARCH_USER_PATHS = NO;
				CLANG_ANALYZER_NONNULL = YES;
				CLANG_CXX_LANGUAGE_STANDARD = "gnu++0x";
				CLANG_CXX_LIBRARY = "libc++";
				CLANG_ENABLE_MODULES = YES;
				CLANG_ENABLE_OBJC_ARC = YES;
				CLANG_WARN_BOOL_CONVERSION = YES;
				CLANG_WARN_CONSTANT_CONVERSION = YES;
				CLANG_WARN_DIRECT_OBJC_ISA_USAGE = YES_ERROR;
				CLANG_WARN_DOCUMENTATION_COMMENTS = YES;
				CLANG_WARN_EMPTY_BODY = YES;
				CLANG_WARN_ENUM_CONVERSION = YES;
				CLANG_WARN_INFINITE_RECURSION = YES;
				CLANG_WARN_INT_CONVERSION = YES;
				CLANG_WARN_OBJC_ROOT_CLASS = YES_ERROR;
				CLANG_WARN_SUSPICIOUS_MOVE = YES;
				CLANG_WARN_UNREACHABLE_CODE = YES;
				CLANG_WARN__DUPLICATE_METHOD_MATCH = YES;
				"CODE_SIGN_IDENTITY[sdk=iphoneos*]" = "iPhone Developer";
				COPY_PHASE_STRIP = NO;
				DEBUG_INFORMATION_FORMAT = dwarf;
				ENABLE_STRICT_OBJC_MSGSEND = YES;
				ENABLE_TESTABILITY = YES;
				GCC_C_LANGUAGE_STANDARD = gnu99;
				GCC_DYNAMIC_NO_PIC = NO;
				GCC_NO_COMMON_BLOCKS = YES;
				GCC_OPTIMIZATION_LEVEL = 0;
				GCC_PREPROCESSOR_DEFINITIONS = (
					"DEBUG=1",
					"$(inherited)",
				);
				GCC_WARN_64_TO_32_BIT_CONVERSION = YES;
				GCC_WARN_ABOUT_RETURN_TYPE = YES_ERROR;
				GCC_WARN_UNDECLARED_SELECTOR = YES;
				GCC_WARN_UNINITIALIZED_AUTOS = YES_AGGRESSIVE;
				GCC_WARN_UNUSED_FUNCTION = YES;
				GCC_WARN_UNUSED_VARIABLE = YES;
				IPHONEOS_DEPLOYMENT_TARGET = 10.2;
				MTL_ENABLE_DEBUG_INFO = YES;
				ONLY_ACTIVE_ARCH = YES;
				SDKROOT = iphoneos;
				SWIFT_ACTIVE_COMPILATION_CONDITIONS = DEBUG;
				SWIFT_OPTIMIZATION_LEVEL = "-Onone";
			};
			name = Debug;
		};
		5C280AC51E19F88800D8132B /* Release */ = {
			isa = XCBuildConfiguration;
			buildSettings = {
				ALWAYS_SEARCH_USER_PATHS = NO;
				CLANG_ANALYZER_NONNULL = YES;
				CLANG_CXX_LANGUAGE_STANDARD = "gnu++0x";
				CLANG_CXX_LIBRARY = "libc++";
				CLANG_ENABLE_MODULES = YES;
				CLANG_ENABLE_OBJC_ARC = YES;
				CLANG_WARN_BOOL_CONVERSION = YES;
				CLANG_WARN_CONSTANT_CONVERSION = YES;
				CLANG_WARN_DIRECT_OBJC_ISA_USAGE = YES_ERROR;
				CLANG_WARN_DOCUMENTATION_COMMENTS = YES;
				CLANG_WARN_EMPTY_BODY = YES;
				CLANG_WARN_ENUM_CONVERSION = YES;
				CLANG_WARN_INFINITE_RECURSION = YES;
				CLANG_WARN_INT_CONVERSION = YES;
				CLANG_WARN_OBJC_ROOT_CLASS = YES_ERROR;
				CLANG_WARN_SUSPICIOUS_MOVE = YES;
				CLANG_WARN_UNREACHABLE_CODE = YES;
				CLANG_WARN__DUPLICATE_METHOD_MATCH = YES;
				"CODE_SIGN_IDENTITY[sdk=iphoneos*]" = "iPhone Developer";
				COPY_PHASE_STRIP = NO;
				DEBUG_INFORMATION_FORMAT = "dwarf-with-dsym";
				ENABLE_NS_ASSERTIONS = NO;
				ENABLE_STRICT_OBJC_MSGSEND = YES;
				GCC_C_LANGUAGE_STANDARD = gnu99;
				GCC_NO_COMMON_BLOCKS = YES;
				GCC_WARN_64_TO_32_BIT_CONVERSION = YES;
				GCC_WARN_ABOUT_RETURN_TYPE = YES_ERROR;
				GCC_WARN_UNDECLARED_SELECTOR = YES;
				GCC_WARN_UNINITIALIZED_AUTOS = YES_AGGRESSIVE;
				GCC_WARN_UNUSED_FUNCTION = YES;
				GCC_WARN_UNUSED_VARIABLE = YES;
				IPHONEOS_DEPLOYMENT_TARGET = 10.2;
				MTL_ENABLE_DEBUG_INFO = NO;
				SDKROOT = iphoneos;
				SWIFT_OPTIMIZATION_LEVEL = "-Owholemodule";
				VALIDATE_PRODUCT = YES;
			};
			name = Release;
		};
		5C280AC71E19F88800D8132B /* Debug */ = {
			isa = XCBuildConfiguration;
			buildSettings = {
				ASSETCATALOG_COMPILER_APPICON_NAME = AppIcon;
				DEVELOPMENT_TEAM = JE8CSGTB5D;
				INFOPLIST_FILE = VVDragerDemo/Info.plist;
				LD_RUNPATH_SEARCH_PATHS = "$(inherited) @executable_path/Frameworks";
				PRODUCT_BUNDLE_IDENTIFIER = pw.code4swift.VVDragerDemo;
				PRODUCT_NAME = "$(TARGET_NAME)";
				SWIFT_VERSION = 3.0;
			};
			name = Debug;
		};
		5C280AC81E19F88800D8132B /* Release */ = {
			isa = XCBuildConfiguration;
			buildSettings = {
				ASSETCATALOG_COMPILER_APPICON_NAME = AppIcon;
				DEVELOPMENT_TEAM = JE8CSGTB5D;
				INFOPLIST_FILE = VVDragerDemo/Info.plist;
				LD_RUNPATH_SEARCH_PATHS = "$(inherited) @executable_path/Frameworks";
				PRODUCT_BUNDLE_IDENTIFIER = pw.code4swift.VVDragerDemo;
				PRODUCT_NAME = "$(TARGET_NAME)";
				SWIFT_VERSION = 3.0;
			};
			name = Release;
		};
/* End XCBuildConfiguration section */

/* Begin XCConfigurationList section */
		5C280AAF1E19F88800D8132B /* Build configuration list for PBXProject "VVDragerDemo" */ = {
			isa = XCConfigurationList;
			buildConfigurations = (
				5C280AC41E19F88800D8132B /* Debug */,
				5C280AC51E19F88800D8132B /* Release */,
			);
			defaultConfigurationIsVisible = 0;
			defaultConfigurationName = Release;
		};
		5C280AC61E19F88800D8132B /* Build configuration list for PBXNativeTarget "VVDragerDemo" */ = {
			isa = XCConfigurationList;
			buildConfigurations = (
				5C280AC71E19F88800D8132B /* Debug */,
				5C280AC81E19F88800D8132B /* Release */,
			);
			defaultConfigurationIsVisible = 0;
		};
/* End XCConfigurationList section */
	};
	rootObject = 5C280AAC1E19F88800D8132B /* Project object */;
}
